
Microsoft Visual Studio Solution File, Format Version 12.00
# Visual Studio 15
VisualStudioVersion = 15.0.28307.329
MinimumVisualStudioVersion = 10.0.40219.1
Project("{8BC9CEB8-8B4A-11D0-8D11-00A0C91BC942}") = "Falling", "Falling\Falling.vcxproj", "{A3EE60D4-B65E-4986-A150-675F2BBA4895}"
EndProject
Global
	GlobalSection(SolutionConfigurationPlatforms) = preSolution
		Debug|x64 = Debug|x64
		Debug|x86 = Debug|x86
		Release|x64 = Release|x64
		Release|x86 = Release|x86
	EndGlobalSection
	GlobalSection(ProjectConfigurationPlatforms) = postSolution
		{A3EE60D4-B65E-4986-A150-675F2BBA4895}.Debug|x64.ActiveCfg = Debug|x64
		{A3EE60D4-B65E-4986-A150-675F2BBA4895}.Debug|x64.Build.0 = Debug|x64
		{A3EE60D4-B65E-4986-A150-675F2BBA4895}.Debug|x86.ActiveCfg = Debug|Win32
		{A3EE60D4-B65E-4986-A150-675F2BBA4895}.Debug|x86.Build.0 = Debug|Win32
		{A3EE60D4-B65E-4986-A150-675F2BBA4895}.Release|x64.ActiveCfg = Release|x64
		{A3EE60D4-B65E-4986-A150-675F2BBA4895}.Release|x64.Build.0 = Release|x64
		{A3EE60D4-B65E-4986-A150-675F2BBA4895}.Release|x86.ActiveCfg = Release|Win32
		{A3EE60D4-B65E-4986-A150-675F2BBA4895}.Release|x86.Build.0 = Release|Win32
	EndGlobalSection
	GlobalSection(SolutionProperties) = preSolution
		HideSolutionNode = FALSE
	EndGlobalSection
	GlobalSection(ExtensibilityGlobals) = postSolution
		SolutionGuid = {720C0E4E-7B51-4F6A-856F-08325D32D2E5}
	EndGlobalSection
EndGlobal
